
Microsoft Visual Studio Solution File, Format Version 12.00
# Visual Studio Version 17
VisualStudioVersion = 17.10.35013.160
MinimumVisualStudioVersion = 10.0.40219.1
Project("{9A19103F-16F7-4668-BE54-9A1E7A4F7556}") = "BethanysPieShopHRM", "BethanysPieShopHRM\BethanysPieShopHRM.csproj", "{CACD4686-57D7-4240-8D95-D00497F89EF7}"
EndProject
Project("{9A19103F-16F7-4668-BE54-9A1E7A4F7556}") = "BethanysPieShopHRM.Shared", "BethanysPieShopHRM.Shared\BethanysPieShopHRM.Shared.csproj", "{FFD9C4F8-5B38-4E84-A9A3-79CB251129FF}"
EndProject
Global
	GlobalSection(SolutionConfigurationPlatforms) = preSolution
		Debug|Any CPU = Debug|Any CPU
		Release|Any CPU = Release|Any CPU
	EndGlobalSection
	GlobalSection(ProjectConfigurationPlatforms) = postSolution
		{CACD4686-57D7-4240-8D95-D00497F89EF7}.Debug|Any CPU.ActiveCfg = Debug|Any CPU
		{CACD4686-57D7-4240-8D95-D00497F89EF7}.Debug|Any CPU.Build.0 = Debug|Any CPU
		{CACD4686-57D7-4240-8D95-D00497F89EF7}.Release|Any CPU.ActiveCfg = Release|Any CPU
		{CACD4686-57D7-4240-8D95-D00497F89EF7}.Release|Any CPU.Build.0 = Release|Any CPU
		{FFD9C4F8-5B38-4E84-A9A3-79CB251129FF}.Debug|Any CPU.ActiveCfg = Debug|Any CPU
		{FFD9C4F8-5B38-4E84-A9A3-79CB251129FF}.Debug|Any CPU.Build.0 = Debug|Any CPU
		{FFD9C4F8-5B38-4E84-A9A3-79CB251129FF}.Release|Any CPU.ActiveCfg = Release|Any CPU
		{FFD9C4F8-5B38-4E84-A9A3-79CB251129FF}.Release|Any CPU.Build.0 = Release|Any CPU
	EndGlobalSection
	GlobalSection(SolutionProperties) = preSolution
		HideSolutionNode = FALSE
	EndGlobalSection
	GlobalSection(ExtensibilityGlobals) = postSolution
		SolutionGuid = {F42CCD6C-36AB-4261-BF68-0DEC05F49DB4}
	EndGlobalSection
EndGlobal
